
Microsoft Visual Studio Solution File, Format Version 12.00
# Visual Studio Version 17
VisualStudioVersion = 17.7.33906.173
MinimumVisualStudioVersion = 10.0.40219.1
Project("{9A19103F-16F7-4668-BE54-9A1E7A4F7556}") = "OperatingSystem", "OperatingSystem\OperatingSystem.csproj", "{CA034F58-3959-4B2E-B747-6F27C7957AEB}"
EndProject
Project("{FAE04EC0-301F-11D3-BF4B-00C04F79EFBC}") = "OperatingSystemConsoleGUI", "OperatingSystemConsoleGUI\OperatingSystemConsoleGUI.csproj", "{950F1CFB-0AEF-4E5D-BE78-849D5774E326}"
EndProject
Global
	GlobalSection(SolutionConfigurationPlatforms) = preSolution
		Debug|Any CPU = Debug|Any CPU
		Release|Any CPU = Release|Any CPU
	EndGlobalSection
	GlobalSection(ProjectConfigurationPlatforms) = postSolution
		{CA034F58-3959-4B2E-B747-6F27C7957AEB}.Debug|Any CPU.ActiveCfg = Debug|Any CPU
		{CA034F58-3959-4B2E-B747-6F27C7957AEB}.Debug|Any CPU.Build.0 = Debug|Any CPU
		{CA034F58-3959-4B2E-B747-6F27C7957AEB}.Release|Any CPU.ActiveCfg = Release|Any CPU
		{CA034F58-3959-4B2E-B747-6F27C7957AEB}.Release|Any CPU.Build.0 = Release|Any CPU
		{950F1CFB-0AEF-4E5D-BE78-849D5774E326}.Debug|Any CPU.ActiveCfg = Debug|Any CPU
		{950F1CFB-0AEF-4E5D-BE78-849D5774E326}.Debug|Any CPU.Build.0 = Debug|Any CPU
		{950F1CFB-0AEF-4E5D-BE78-849D5774E326}.Release|Any CPU.ActiveCfg = Release|Any CPU
		{950F1CFB-0AEF-4E5D-BE78-849D5774E326}.Release|Any CPU.Build.0 = Release|Any CPU
	EndGlobalSection
	GlobalSection(SolutionProperties) = preSolution
		HideSolutionNode = FALSE
	EndGlobalSection
	GlobalSection(ExtensibilityGlobals) = postSolution
		SolutionGuid = {D60FCD67-C975-42A4-BB4D-2561FBF32B50}
	EndGlobalSection
EndGlobal
